
Microsoft Visual Studio Solution File, Format Version 12.00
# Visual Studio Version 17
VisualStudioVersion = 17.2.32630.192
MinimumVisualStudioVersion = 10.0.40219.1
Project("{9A19103F-16F7-4668-BE54-9A1E7A4F7556}") = "R5T.F0131.Construction", "R5T.F0131.Construction\R5T.F0131.Construction.csproj", "{D600319F-7B7C-4DE1-A55F-17C87C0DA080}"
EndProject
Project("{9A19103F-16F7-4668-BE54-9A1E7A4F7556}") = "R5T.F0131", "R5T.F0131\R5T.F0131.csproj", "{7534C64C-D634-4E4F-ACD4-D85D281BC608}"
EndProject
Project("{2150E333-8FDC-42A3-9474-1A3956D46DE8}") = "_Dependencies", "_Dependencies", "{8C330821-3711-4A1D-86D2-4EB094EF2EDD}"
EndProject
Project("{9A19103F-16F7-4668-BE54-9A1E7A4F7556}") = "R5T.F0000", "..\..\R5T.F0000\source\R5T.F0000\R5T.F0000.csproj", "{A85753AD-339C-41DD-B1F8-A7683FE78FFA}"
EndProject
Project("{9A19103F-16F7-4668-BE54-9A1E7A4F7556}") = "R5T.F0002", "..\..\R5T.F0002\source\R5T.F0002\R5T.F0002.csproj", "{1B4BAC1F-1985-43E2-999C-4A8DC0F6A0AA}"
EndProject
Project("{9A19103F-16F7-4668-BE54-9A1E7A4F7556}") = "R5T.F0120", "..\..\R5T.F0120\source\R5T.F0120\R5T.F0120.csproj", "{F50DE244-8726-4F4C-8BDE-C3F62BAC53FF}"
EndProject
Project("{9A19103F-16F7-4668-BE54-9A1E7A4F7556}") = "R5T.F0124", "..\..\R5T.F0124\source\R5T.F0124\R5T.F0124.csproj", "{BDCF7175-7F91-4D1D-9572-14782DE1F617}"
EndProject
Project("{9A19103F-16F7-4668-BE54-9A1E7A4F7556}") = "R5T.F0125", "..\..\R5T.F0125\source\R5T.F0125\R5T.F0125.csproj", "{0733AA9A-4C8C-4030-AD8E-71798BB3F625}"
EndProject
Project("{9A19103F-16F7-4668-BE54-9A1E7A4F7556}") = "R5T.L0030.T000", "..\..\R5T.L0030\source\R5T.L0030.T000\R5T.L0030.T000.csproj", "{6E759652-7A6C-40D0-8C5A-A5E87D19AF52}"
EndProject
Project("{9A19103F-16F7-4668-BE54-9A1E7A4F7556}") = "R5T.L0030", "..\..\R5T.L0030\source\R5T.L0030\R5T.L0030.csproj", "{54669A14-2FCD-4A37-8A0C-87F6F7CCC8C3}"
EndProject
Project("{9A19103F-16F7-4668-BE54-9A1E7A4F7556}") = "R5T.L0034", "..\..\R5T.L0034\source\R5T.L0034\R5T.L0034.csproj", "{9796972D-F547-4900-A9BB-B57F258007DD}"
EndProject
Project("{9A19103F-16F7-4668-BE54-9A1E7A4F7556}") = "R5T.L0035", "..\..\R5T.L0035\source\R5T.L0035\R5T.L0035.csproj", "{120E3231-6724-4778-8A59-280967F38365}"
EndProject
Project("{9A19103F-16F7-4668-BE54-9A1E7A4F7556}") = "R5T.T0131", "..\..\R5T.T0131\source\R5T.T0131\R5T.T0131.csproj", "{90E52609-7525-4476-93A1-485AFB065BA5}"
EndProject
Project("{9A19103F-16F7-4668-BE54-9A1E7A4F7556}") = "R5T.T0132", "..\..\R5T.T0132\source\R5T.T0132\R5T.T0132.csproj", "{1BBA4E16-F877-4F55-8F02-6300D032FA66}"
EndProject
Project("{9A19103F-16F7-4668-BE54-9A1E7A4F7556}") = "R5T.T0142", "..\..\R5T.T0142\source\R5T.T0142\R5T.T0142.csproj", "{4B93A0EB-8793-46A0-9CD5-0375C3D520BB}"
EndProject
Project("{9A19103F-16F7-4668-BE54-9A1E7A4F7556}") = "R5T.T0143", "..\..\R5T.T0143\source\R5T.T0143\R5T.T0143.csproj", "{B3953306-E89A-412F-ACD2-FB91E110B4E8}"
EndProject
Project("{9A19103F-16F7-4668-BE54-9A1E7A4F7556}") = "R5T.T0156", "..\..\R5T.T0156\source\R5T.T0156\R5T.T0156.csproj", "{74F33D99-3367-42B0-B039-F6991385F3B6}"
EndProject
Project("{9A19103F-16F7-4668-BE54-9A1E7A4F7556}") = "R5T.T0174", "..\..\R5T.T0174\source\R5T.T0174\R5T.T0174.csproj", "{A5763E64-E6ED-4667-BA49-8879C390458D}"
EndProject
Project("{9A19103F-16F7-4668-BE54-9A1E7A4F7556}") = "R5T.T0176", "..\..\R5T.T0176\source\R5T.T0176\R5T.T0176.csproj", "{497FAD8A-A335-43ED-B37A-FFAD3DEAB511}"
EndProject
Project("{9A19103F-16F7-4668-BE54-9A1E7A4F7556}") = "R5T.T0177", "..\..\R5T.T0177\source\R5T.T0177\R5T.T0177.csproj", "{0ED6967F-D40A-4568-BE9E-931B36C0DE3B}"
EndProject
Project("{9A19103F-16F7-4668-BE54-9A1E7A4F7556}") = "R5T.T0178", "..\..\R5T.T0178\source\R5T.T0178\R5T.T0178.csproj", "{661BC5D9-6872-4F74-A8FB-D338F9CC7396}"
EndProject
Project("{9A19103F-16F7-4668-BE54-9A1E7A4F7556}") = "R5T.T0179", "..\..\R5T.T0179\source\R5T.T0179\R5T.T0179.csproj", "{77988C7D-AF66-4CE0-852C-8FAB2C88F9D8}"
EndProject
Project("{9A19103F-16F7-4668-BE54-9A1E7A4F7556}") = "R5T.T0180", "..\..\R5T.T0180\source\R5T.T0180\R5T.T0180.csproj", "{A709B29F-FC9E-43F5-8CA2-4A1DBE6D846B}"
EndProject
Project("{9A19103F-16F7-4668-BE54-9A1E7A4F7556}") = "R5T.T0181", "..\..\R5T.T0181\source\R5T.T0181\R5T.T0181.csproj", "{2136F6B9-E2D9-4361-AFE7-21130073C3C2}"
EndProject
Project("{9A19103F-16F7-4668-BE54-9A1E7A4F7556}") = "R5T.T0185", "..\..\R5T.T0185\source\R5T.T0185\R5T.T0185.csproj", "{FA9DE965-5EFD-42D6-AFE8-8D32A7DC5F45}"
EndProject
Project("{9A19103F-16F7-4668-BE54-9A1E7A4F7556}") = "R5T.Y0000", "..\..\R5T.Y0000\source\R5T.Y0000\R5T.Y0000.csproj", "{826A8462-BCB5-4A44-8BE1-06046C64370B}"
EndProject
Project("{9A19103F-16F7-4668-BE54-9A1E7A4F7556}") = "R5T.Z0000", "..\..\R5T.Z0000\source\R5T.Z0000\R5T.Z0000.csproj", "{AC77C1E3-FDC9-4A83-9A44-95D45AA84F28}"
EndProject
Project("{9A19103F-16F7-4668-BE54-9A1E7A4F7556}") = "R5T.T0150", "..\..\R5T.T0150\source\R5T.T0150\R5T.T0150.csproj", "{1F03DDF2-C1B5-4816-87A2-DEFFB63CAC1F}"
EndProject
Project("{9A19103F-16F7-4668-BE54-9A1E7A4F7556}") = "R5T.T0151", "..\..\R5T.T0151\source\R5T.T0151\R5T.T0151.csproj", "{56E8631D-5C11-46E0-88EC-0C3ECA3B6BD3}"
EndProject
Project("{9A19103F-16F7-4668-BE54-9A1E7A4F7556}") = "R5T.T0172", "..\..\R5T.T0172\source\R5T.T0172\R5T.T0172.csproj", "{C5E050CE-4C8E-4D0B-9171-997128B4EF0E}"
EndProject
Project("{9A19103F-16F7-4668-BE54-9A1E7A4F7556}") = "R5T.T0193", "..\..\R5T.T0193\source\R5T.T0193\R5T.T0193.csproj", "{C26CA0DC-EE45-4FBE-9175-392C6E2ACDDC}"
EndProject
Global
	GlobalSection(NestedProjects) = preSolution
		{A85753AD-339C-41DD-B1F8-A7683FE78FFA} = {8C330821-3711-4A1D-86D2-4EB094EF2EDD}
		{1B4BAC1F-1985-43E2-999C-4A8DC0F6A0AA} = {8C330821-3711-4A1D-86D2-4EB094EF2EDD}
		{F50DE244-8726-4F4C-8BDE-C3F62BAC53FF} = {8C330821-3711-4A1D-86D2-4EB094EF2EDD}
		{BDCF7175-7F91-4D1D-9572-14782DE1F617} = {8C330821-3711-4A1D-86D2-4EB094EF2EDD}
		{0733AA9A-4C8C-4030-AD8E-71798BB3F625} = {8C330821-3711-4A1D-86D2-4EB094EF2EDD}
		{6E759652-7A6C-40D0-8C5A-A5E87D19AF52} = {8C330821-3711-4A1D-86D2-4EB094EF2EDD}
		{54669A14-2FCD-4A37-8A0C-87F6F7CCC8C3} = {8C330821-3711-4A1D-86D2-4EB094EF2EDD}
		{9796972D-F547-4900-A9BB-B57F258007DD} = {8C330821-3711-4A1D-86D2-4EB094EF2EDD}
		{120E3231-6724-4778-8A59-280967F38365} = {8C330821-3711-4A1D-86D2-4EB094EF2EDD}
		{90E52609-7525-4476-93A1-485AFB065BA5} = {8C330821-3711-4A1D-86D2-4EB094EF2EDD}
		{1BBA4E16-F877-4F55-8F02-6300D032FA66} = {8C330821-3711-4A1D-86D2-4EB094EF2EDD}
		{4B93A0EB-8793-46A0-9CD5-0375C3D520BB} = {8C330821-3711-4A1D-86D2-4EB094EF2EDD}
		{B3953306-E89A-412F-ACD2-FB91E110B4E8} = {8C330821-3711-4A1D-86D2-4EB094EF2EDD}
		{74F33D99-3367-42B0-B039-F6991385F3B6} = {8C330821-3711-4A1D-86D2-4EB094EF2EDD}
		{A5763E64-E6ED-4667-BA49-8879C390458D} = {8C330821-3711-4A1D-86D2-4EB094EF2EDD}
		{497FAD8A-A335-43ED-B37A-FFAD3DEAB511} = {8C330821-3711-4A1D-86D2-4EB094EF2EDD}
		{0ED6967F-D40A-4568-BE9E-931B36C0DE3B} = {8C330821-3711-4A1D-86D2-4EB094EF2EDD}
		{661BC5D9-6872-4F74-A8FB-D338F9CC7396} = {8C330821-3711-4A1D-86D2-4EB094EF2EDD}
		{77988C7D-AF66-4CE0-852C-8FAB2C88F9D8} = {8C330821-3711-4A1D-86D2-4EB094EF2EDD}
		{A709B29F-FC9E-43F5-8CA2-4A1DBE6D846B} = {8C330821-3711-4A1D-86D2-4EB094EF2EDD}
		{2136F6B9-E2D9-4361-AFE7-21130073C3C2} = {8C330821-3711-4A1D-86D2-4EB094EF2EDD}
		{FA9DE965-5EFD-42D6-AFE8-8D32A7DC5F45} = {8C330821-3711-4A1D-86D2-4EB094EF2EDD}
		{826A8462-BCB5-4A44-8BE1-06046C64370B} = {8C330821-3711-4A1D-86D2-4EB094EF2EDD}
		{AC77C1E3-FDC9-4A83-9A44-95D45AA84F28} = {8C330821-3711-4A1D-86D2-4EB094EF2EDD}
		{1F03DDF2-C1B5-4816-87A2-DEFFB63CAC1F} = {8C330821-3711-4A1D-86D2-4EB094EF2EDD}
		{56E8631D-5C11-46E0-88EC-0C3ECA3B6BD3} = {8C330821-3711-4A1D-86D2-4EB094EF2EDD}
		{C5E050CE-4C8E-4D0B-9171-997128B4EF0E} = {8C330821-3711-4A1D-86D2-4EB094EF2EDD}
		{C26CA0DC-EE45-4FBE-9175-392C6E2ACDDC} = {8C330821-3711-4A1D-86D2-4EB094EF2EDD}
	EndGlobalSection
	GlobalSection(SolutionConfigurationPlatforms) = preSolution
		Debug|Any CPU = Debug|Any CPU
		Release|Any CPU = Release|Any CPU
	EndGlobalSection
	GlobalSection(ProjectConfigurationPlatforms) = postSolution
		{D600319F-7B7C-4DE1-A55F-17C87C0DA080}.Debug|Any CPU.ActiveCfg = Debug|Any CPU
		{D600319F-7B7C-4DE1-A55F-17C87C0DA080}.Debug|Any CPU.Build.0 = Debug|Any CPU
		{D600319F-7B7C-4DE1-A55F-17C87C0DA080}.Release|Any CPU.ActiveCfg = Release|Any CPU
		{D600319F-7B7C-4DE1-A55F-17C87C0DA080}.Release|Any CPU.Build.0 = Release|Any CPU
		{7534C64C-D634-4E4F-ACD4-D85D281BC608}.Debug|Any CPU.ActiveCfg = Debug|Any CPU
		{7534C64C-D634-4E4F-ACD4-D85D281BC608}.Debug|Any CPU.Build.0 = Debug|Any CPU
		{7534C64C-D634-4E4F-ACD4-D85D281BC608}.Release|Any CPU.ActiveCfg = Release|Any CPU
		{7534C64C-D634-4E4F-ACD4-D85D281BC608}.Release|Any CPU.Build.0 = Release|Any CPU
		{A85753AD-339C-41DD-B1F8-A7683FE78FFA}.Debug|Any CPU.ActiveCfg = Debug|Any CPU
		{A85753AD-339C-41DD-B1F8-A7683FE78FFA}.Debug|Any CPU.Build.0 = Debug|Any CPU
		{A85753AD-339C-41DD-B1F8-A7683FE78FFA}.Release|Any CPU.ActiveCfg = Release|Any CPU
		{A85753AD-339C-41DD-B1F8-A7683FE78FFA}.Release|Any CPU.Build.0 = Release|Any CPU
		{1B4BAC1F-1985-43E2-999C-4A8DC0F6A0AA}.Debug|Any CPU.ActiveCfg = Debug|Any CPU
		{1B4BAC1F-1985-43E2-999C-4A8DC0F6A0AA}.Debug|Any CPU.Build.0 = Debug|Any CPU
		{1B4BAC1F-1985-43E2-999C-4A8DC0F6A0AA}.Release|Any CPU.ActiveCfg = Release|Any CPU
		{1B4BAC1F-1985-43E2-999C-4A8DC0F6A0AA}.Release|Any CPU.Build.0 = Release|Any CPU
		{F50DE244-8726-4F4C-8BDE-C3F62BAC53FF}.Debug|Any CPU.ActiveCfg = Debug|Any CPU
		{F50DE244-8726-4F4C-8BDE-C3F62BAC53FF}.Debug|Any CPU.Build.0 = Debug|Any CPU
		{F50DE244-8726-4F4C-8BDE-C3F62BAC53FF}.Release|Any CPU.ActiveCfg = Release|Any CPU
		{F50DE244-8726-4F4C-8BDE-C3F62BAC53FF}.Release|Any CPU.Build.0 = Release|Any CPU
		{BDCF7175-7F91-4D1D-9572-14782DE1F617}.Debug|Any CPU.ActiveCfg = Debug|Any CPU
		{BDCF7175-7F91-4D1D-9572-14782DE1F617}.Debug|Any CPU.Build.0 = Debug|Any CPU
		{BDCF7175-7F91-4D1D-9572-14782DE1F617}.Release|Any CPU.ActiveCfg = Release|Any CPU
		{BDCF7175-7F91-4D1D-9572-14782DE1F617}.Release|Any CPU.Build.0 = Release|Any CPU
		{0733AA9A-4C8C-4030-AD8E-71798BB3F625}.Debug|Any CPU.ActiveCfg = Debug|Any CPU
		{0733AA9A-4C8C-4030-AD8E-71798BB3F625}.Debug|Any CPU.Build.0 = Debug|Any CPU
		{0733AA9A-4C8C-4030-AD8E-71798BB3F625}.Release|Any CPU.ActiveCfg = Release|Any CPU
		{0733AA9A-4C8C-4030-AD8E-71798BB3F625}.Release|Any CPU.Build.0 = Release|Any CPU
		{6E759652-7A6C-40D0-8C5A-A5E87D19AF52}.Debug|Any CPU.ActiveCfg = Debug|Any CPU
		{6E759652-7A6C-40D0-8C5A-A5E87D19AF52}.Debug|Any CPU.Build.0 = Debug|Any CPU
		{6E759652-7A6C-40D0-8C5A-A5E87D19AF52}.Release|Any CPU.ActiveCfg = Release|Any CPU
		{6E759652-7A6C-40D0-8C5A-A5E87D19AF52}.Release|Any CPU.Build.0 = Release|Any CPU
		{54669A14-2FCD-4A37-8A0C-87F6F7CCC8C3}.Debug|Any CPU.ActiveCfg = Debug|Any CPU
		{54669A14-2FCD-4A37-8A0C-87F6F7CCC8C3}.Debug|Any CPU.Build.0 = Debug|Any CPU
		{54669A14-2FCD-4A37-8A0C-87F6F7CCC8C3}.Release|Any CPU.ActiveCfg = Release|Any CPU
		{54669A14-2FCD-4A37-8A0C-87F6F7CCC8C3}.Release|Any CPU.Build.0 = Release|Any CPU
		{9796972D-F547-4900-A9BB-B57F258007DD}.Debug|Any CPU.ActiveCfg = Debug|Any CPU
		{9796972D-F547-4900-A9BB-B57F258007DD}.Debug|Any CPU.Build.0 = Debug|Any CPU
		{9796972D-F547-4900-A9BB-B57F258007DD}.Release|Any CPU.ActiveCfg = Release|Any CPU
		{9796972D-F547-4900-A9BB-B57F258007DD}.Release|Any CPU.Build.0 = Release|Any CPU
		{120E3231-6724-4778-8A59-280967F38365}.Debug|Any CPU.ActiveCfg = Debug|Any CPU
		{120E3231-6724-4778-8A59-280967F38365}.Debug|Any CPU.Build.0 = Debug|Any CPU
		{120E3231-6724-4778-8A59-280967F38365}.Release|Any CPU.ActiveCfg = Release|Any CPU
		{120E3231-6724-4778-8A59-280967F38365}.Release|Any CPU.Build.0 = Release|Any CPU
		{90E52609-7525-4476-93A1-485AFB065BA5}.Debug|Any CPU.ActiveCfg = Debug|Any CPU
		{90E52609-7525-4476-93A1-485AFB065BA5}.Debug|Any CPU.Build.0 = Debug|Any CPU
		{90E52609-7525-4476-93A1-485AFB065BA5}.Release|Any CPU.ActiveCfg = Release|Any CPU
		{90E52609-7525-4476-93A1-485AFB065BA5}.Release|Any CPU.Build.0 = Release|Any CPU
		{1BBA4E16-F877-4F55-8F02-6300D032FA66}.Debug|Any CPU.ActiveCfg = Debug|Any CPU
		{1BBA4E16-F877-4F55-8F02-6300D032FA66}.Debug|Any CPU.Build.0 = Debug|Any CPU
		{1BBA4E16-F877-4F55-8F02-6300D032FA66}.Release|Any CPU.ActiveCfg = Release|Any CPU
		{1BBA4E16-F877-4F55-8F02-6300D032FA66}.Release|Any CPU.Build.0 = Release|Any CPU
		{4B93A0EB-8793-46A0-9CD5-0375C3D520BB}.Debug|Any CPU.ActiveCfg = Debug|Any CPU
		{4B93A0EB-8793-46A0-9CD5-0375C3D520BB}.Debug|Any CPU.Build.0 = Debug|Any CPU
		{4B93A0EB-8793-46A0-9CD5-0375C3D520BB}.Release|Any CPU.ActiveCfg = Release|Any CPU
		{4B93A0EB-8793-46A0-9CD5-0375C3D520BB}.Release|Any CPU.Build.0 = Release|Any CPU
		{B3953306-E89A-412F-ACD2-FB91E110B4E8}.Debug|Any CPU.ActiveCfg = Debug|Any CPU
		{B3953306-E89A-412F-ACD2-FB91E110B4E8}.Debug|Any CPU.Build.0 = Debug|Any CPU
		{B3953306-E89A-412F-ACD2-FB91E110B4E8}.Release|Any CPU.ActiveCfg = Release|Any CPU
		{B3953306-E89A-412F-ACD2-FB91E110B4E8}.Release|Any CPU.Build.0 = Release|Any CPU
		{74F33D99-3367-42B0-B039-F6991385F3B6}.Debug|Any CPU.ActiveCfg = Debug|Any CPU
		{74F33D99-3367-42B0-B039-F6991385F3B6}.Debug|Any CPU.Build.0 = Debug|Any CPU
		{74F33D99-3367-42B0-B039-F6991385F3B6}.Release|Any CPU.ActiveCfg = Release|Any CPU
		{74F33D99-3367-42B0-B039-F6991385F3B6}.Release|Any CPU.Build.0 = Release|Any CPU
		{A5763E64-E6ED-4667-BA49-8879C390458D}.Debug|Any CPU.ActiveCfg = Debug|Any CPU
		{A5763E64-E6ED-4667-BA49-8879C390458D}.Debug|Any CPU.Build.0 = Debug|Any CPU
		{A5763E64-E6ED-4667-BA49-8879C390458D}.Release|Any CPU.ActiveCfg = Release|Any CPU
		{A5763E64-E6ED-4667-BA49-8879C390458D}.Release|Any CPU.Build.0 = Release|Any CPU
		{497FAD8A-A335-43ED-B37A-FFAD3DEAB511}.Debug|Any CPU.ActiveCfg = Debug|Any CPU
		{497FAD8A-A335-43ED-B37A-FFAD3DEAB511}.Debug|Any CPU.Build.0 = Debug|Any CPU
		{497FAD8A-A335-43ED-B37A-FFAD3DEAB511}.Release|Any CPU.ActiveCfg = Release|Any CPU
		{497FAD8A-A335-43ED-B37A-FFAD3DEAB511}.Release|Any CPU.Build.0 = Release|Any CPU
		{0ED6967F-D40A-4568-BE9E-931B36C0DE3B}.Debug|Any CPU.ActiveCfg = Debug|Any CPU
		{0ED6967F-D40A-4568-BE9E-931B36C0DE3B}.Debug|Any CPU.Build.0 = Debug|Any CPU
		{0ED6967F-D40A-4568-BE9E-931B36C0DE3B}.Release|Any CPU.ActiveCfg = Release|Any CPU
		{0ED6967F-D40A-4568-BE9E-931B36C0DE3B}.Release|Any CPU.Build.0 = Release|Any CPU
		{661BC5D9-6872-4F74-A8FB-D338F9CC7396}.Debug|Any CPU.ActiveCfg = Debug|Any CPU
		{661BC5D9-6872-4F74-A8FB-D338F9CC7396}.Debug|Any CPU.Build.0 = Debug|Any CPU
		{661BC5D9-6872-4F74-A8FB-D338F9CC7396}.Release|Any CPU.ActiveCfg = Release|Any CPU
		{661BC5D9-6872-4F74-A8FB-D338F9CC7396}.Release|Any CPU.Build.0 = Release|Any CPU
		{77988C7D-AF66-4CE0-852C-8FAB2C88F9D8}.Debug|Any CPU.ActiveCfg = Debug|Any CPU
		{77988C7D-AF66-4CE0-852C-8FAB2C88F9D8}.Debug|Any CPU.Build.0 = Debug|Any CPU
		{77988C7D-AF66-4CE0-852C-8FAB2C88F9D8}.Release|Any CPU.ActiveCfg = Release|Any CPU
		{77988C7D-AF66-4CE0-852C-8FAB2C88F9D8}.Release|Any CPU.Build.0 = Release|Any CPU
		{A709B29F-FC9E-43F5-8CA2-4A1DBE6D846B}.Debug|Any CPU.ActiveCfg = Debug|Any CPU
		{A709B29F-FC9E-43F5-8CA2-4A1DBE6D846B}.Debug|Any CPU.Build.0 = Debug|Any CPU
		{A709B29F-FC9E-43F5-8CA2-4A1DBE6D846B}.Release|Any CPU.ActiveCfg = Release|Any CPU
		{A709B29F-FC9E-43F5-8CA2-4A1DBE6D846B}.Release|Any CPU.Build.0 = Release|Any CPU
		{2136F6B9-E2D9-4361-AFE7-21130073C3C2}.Debug|Any CPU.ActiveCfg = Debug|Any CPU
		{2136F6B9-E2D9-4361-AFE7-21130073C3C2}.Debug|Any CPU.Build.0 = Debug|Any CPU
		{2136F6B9-E2D9-4361-AFE7-21130073C3C2}.Release|Any CPU.ActiveCfg = Release|Any CPU
		{2136F6B9-E2D9-4361-AFE7-21130073C3C2}.Release|Any CPU.Build.0 = Release|Any CPU
		{FA9DE965-5EFD-42D6-AFE8-8D32A7DC5F45}.Debug|Any CPU.ActiveCfg = Debug|Any CPU
		{FA9DE965-5EFD-42D6-AFE8-8D32A7DC5F45}.Debug|Any CPU.Build.0 = Debug|Any CPU
		{FA9DE965-5EFD-42D6-AFE8-8D32A7DC5F45}.Release|Any CPU.ActiveCfg = Release|Any CPU
		{FA9DE965-5EFD-42D6-AFE8-8D32A7DC5F45}.Release|Any CPU.Build.0 = Release|Any CPU
		{826A8462-BCB5-4A44-8BE1-06046C64370B}.Debug|Any CPU.ActiveCfg = Debug|Any CPU
		{826A8462-BCB5-4A44-8BE1-06046C64370B}.Debug|Any CPU.Build.0 = Debug|Any CPU
		{826A8462-BCB5-4A44-8BE1-06046C64370B}.Release|Any CPU.ActiveCfg = Release|Any CPU
		{826A8462-BCB5-4A44-8BE1-06046C64370B}.Release|Any CPU.Build.0 = Release|Any CPU
		{AC77C1E3-FDC9-4A83-9A44-95D45AA84F28}.Debug|Any CPU.ActiveCfg = Debug|Any CPU
		{AC77C1E3-FDC9-4A83-9A44-95D45AA84F28}.Debug|Any CPU.Build.0 = Debug|Any CPU
		{AC77C1E3-FDC9-4A83-9A44-95D45AA84F28}.Release|Any CPU.ActiveCfg = Release|Any CPU
		{AC77C1E3-FDC9-4A83-9A44-95D45AA84F28}.Release|Any CPU.Build.0 = Release|Any CPU
		{1F03DDF2-C1B5-4816-87A2-DEFFB63CAC1F}.Debug|Any CPU.ActiveCfg = Debug|Any CPU
		{1F03DDF2-C1B5-4816-87A2-DEFFB63CAC1F}.Debug|Any CPU.Build.0 = Debug|Any CPU
		{1F03DDF2-C1B5-4816-87A2-DEFFB63CAC1F}.Release|Any CPU.ActiveCfg = Release|Any CPU
		{1F03DDF2-C1B5-4816-87A2-DEFFB63CAC1F}.Release|Any CPU.Build.0 = Release|Any CPU
		{56E8631D-5C11-46E0-88EC-0C3ECA3B6BD3}.Debug|Any CPU.ActiveCfg = Debug|Any CPU
		{56E8631D-5C11-46E0-88EC-0C3ECA3B6BD3}.Debug|Any CPU.Build.0 = Debug|Any CPU
		{56E8631D-5C11-46E0-88EC-0C3ECA3B6BD3}.Release|Any CPU.ActiveCfg = Release|Any CPU
		{56E8631D-5C11-46E0-88EC-0C3ECA3B6BD3}.Release|Any CPU.Build.0 = Release|Any CPU
		{C5E050CE-4C8E-4D0B-9171-997128B4EF0E}.Debug|Any CPU.ActiveCfg = Debug|Any CPU
		{C5E050CE-4C8E-4D0B-9171-997128B4EF0E}.Debug|Any CPU.Build.0 = Debug|Any CPU
		{C5E050CE-4C8E-4D0B-9171-997128B4EF0E}.Release|Any CPU.ActiveCfg = Release|Any CPU
		{C5E050CE-4C8E-4D0B-9171-997128B4EF0E}.Release|Any CPU.Build.0 = Release|Any CPU
		{C26CA0DC-EE45-4FBE-9175-392C6E2ACDDC}.Debug|Any CPU.ActiveCfg = Debug|Any CPU
		{C26CA0DC-EE45-4FBE-9175-392C6E2ACDDC}.Debug|Any CPU.Build.0 = Debug|Any CPU
		{C26CA0DC-EE45-4FBE-9175-392C6E2ACDDC}.Release|Any CPU.ActiveCfg = Release|Any CPU
		{C26CA0DC-EE45-4FBE-9175-392C6E2ACDDC}.Release|Any CPU.Build.0 = Release|Any CPU
	EndGlobalSection
	GlobalSection(SolutionProperties) = preSolution
		HideSolutionNode = FALSE
	EndGlobalSection
	GlobalSection(ExtensibilityGlobals) = postSolution
		SolutionGuid = {A6E4CB75-832B-44D2-8E78-828AF0E6C714}
	EndGlobalSection
EndGlobal
