
Microsoft Visual Studio Solution File, Format Version 12.00
# Visual Studio Version 17
VisualStudioVersion = 17.2.32630.192
MinimumVisualStudioVersion = 10.0.40219.1
Project("{9A19103F-16F7-4668-BE54-9A1E7A4F7556}") = "R5T.F0131", "R5T.F0131\R5T.F0131.csproj", "{45D866F6-1B97-456D-8582-F677B087358A}"
EndProject
Project("{2150E333-8FDC-42A3-9474-1A3956D46DE8}") = "_Dependencies", "_Dependencies", "{C508A868-56E8-4FA4-86EC-B1C185DD8A1B}"
EndProject
Project("{9A19103F-16F7-4668-BE54-9A1E7A4F7556}") = "R5T.F0000", "..\..\R5T.F0000\source\R5T.F0000\R5T.F0000.csproj", "{41BA6689-7653-4E16-8B05-8682285DE0FC}"
EndProject
Project("{9A19103F-16F7-4668-BE54-9A1E7A4F7556}") = "R5T.F0002", "..\..\R5T.F0002\source\R5T.F0002\R5T.F0002.csproj", "{70297DAD-865D-4A3F-9AEE-37DE63B83980}"
EndProject
Project("{9A19103F-16F7-4668-BE54-9A1E7A4F7556}") = "R5T.F0120", "..\..\R5T.F0120\source\R5T.F0120\R5T.F0120.csproj", "{E1CC371C-F56B-4370-97AA-2C7E6FCF4E0F}"
EndProject
Project("{9A19103F-16F7-4668-BE54-9A1E7A4F7556}") = "R5T.F0124", "..\..\R5T.F0124\source\R5T.F0124\R5T.F0124.csproj", "{20EEEE34-8AC7-4360-9EFE-DB0F14CA4D00}"
EndProject
Project("{9A19103F-16F7-4668-BE54-9A1E7A4F7556}") = "R5T.F0125", "..\..\R5T.F0125\source\R5T.F0125\R5T.F0125.csproj", "{D8897050-CAA5-4B16-86D7-345B78E0E4C9}"
EndProject
Project("{9A19103F-16F7-4668-BE54-9A1E7A4F7556}") = "R5T.L0030.T000", "..\..\R5T.L0030\source\R5T.L0030.T000\R5T.L0030.T000.csproj", "{4912ECD6-DB04-4DC6-BC3E-489267908258}"
EndProject
Project("{9A19103F-16F7-4668-BE54-9A1E7A4F7556}") = "R5T.L0030", "..\..\R5T.L0030\source\R5T.L0030\R5T.L0030.csproj", "{01FB8D04-8807-4870-9653-951AF8304F5A}"
EndProject
Project("{9A19103F-16F7-4668-BE54-9A1E7A4F7556}") = "R5T.L0034", "..\..\R5T.L0034\source\R5T.L0034\R5T.L0034.csproj", "{39CEE086-3E8D-43D0-BBDE-67029B410EFD}"
EndProject
Project("{9A19103F-16F7-4668-BE54-9A1E7A4F7556}") = "R5T.L0035", "..\..\R5T.L0035\source\R5T.L0035\R5T.L0035.csproj", "{A51A4690-12CB-4B04-958A-7453598FA203}"
EndProject
Project("{9A19103F-16F7-4668-BE54-9A1E7A4F7556}") = "R5T.T0131", "..\..\R5T.T0131\source\R5T.T0131\R5T.T0131.csproj", "{C7712E75-DF5D-4E53-8DEA-43E0B05375FB}"
EndProject
Project("{9A19103F-16F7-4668-BE54-9A1E7A4F7556}") = "R5T.T0132", "..\..\R5T.T0132\source\R5T.T0132\R5T.T0132.csproj", "{6A2AA63E-DEBA-4536-B7B9-7EF92A4AFF37}"
EndProject
Project("{9A19103F-16F7-4668-BE54-9A1E7A4F7556}") = "R5T.T0142", "..\..\R5T.T0142\source\R5T.T0142\R5T.T0142.csproj", "{370F99AF-7DAC-4AC0-80CF-FD8CE3195E50}"
EndProject
Project("{9A19103F-16F7-4668-BE54-9A1E7A4F7556}") = "R5T.T0143", "..\..\R5T.T0143\source\R5T.T0143\R5T.T0143.csproj", "{3FD733AD-0970-4214-93FD-B6BAF735ED8B}"
EndProject
Project("{9A19103F-16F7-4668-BE54-9A1E7A4F7556}") = "R5T.T0156", "..\..\R5T.T0156\source\R5T.T0156\R5T.T0156.csproj", "{1167D30E-DE04-41E2-A893-2628A0058F5E}"
EndProject
Project("{9A19103F-16F7-4668-BE54-9A1E7A4F7556}") = "R5T.T0174", "..\..\R5T.T0174\source\R5T.T0174\R5T.T0174.csproj", "{DB571650-3988-4C5A-AB3A-E901628F2A64}"
EndProject
Project("{9A19103F-16F7-4668-BE54-9A1E7A4F7556}") = "R5T.T0176", "..\..\R5T.T0176\source\R5T.T0176\R5T.T0176.csproj", "{ECF82C18-4080-4FA6-89C3-51D607E81F30}"
EndProject
Project("{9A19103F-16F7-4668-BE54-9A1E7A4F7556}") = "R5T.T0177", "..\..\R5T.T0177\source\R5T.T0177\R5T.T0177.csproj", "{4765FCFD-7D2D-48F1-852D-57F19AD78DBA}"
EndProject
Project("{9A19103F-16F7-4668-BE54-9A1E7A4F7556}") = "R5T.T0178", "..\..\R5T.T0178\source\R5T.T0178\R5T.T0178.csproj", "{EF9AD932-D582-4C96-8C9E-DC7C431EACB8}"
EndProject
Project("{9A19103F-16F7-4668-BE54-9A1E7A4F7556}") = "R5T.T0179", "..\..\R5T.T0179\source\R5T.T0179\R5T.T0179.csproj", "{7E7D0550-3FB8-483F-9E7F-F8EAAF29EB5D}"
EndProject
Project("{9A19103F-16F7-4668-BE54-9A1E7A4F7556}") = "R5T.T0180", "..\..\R5T.T0180\source\R5T.T0180\R5T.T0180.csproj", "{2A327501-B9B5-4444-ABD8-2E935DD2FE4F}"
EndProject
Project("{9A19103F-16F7-4668-BE54-9A1E7A4F7556}") = "R5T.T0181", "..\..\R5T.T0181\source\R5T.T0181\R5T.T0181.csproj", "{2E1727E4-185D-4DE5-A8A9-30BA259E8D05}"
EndProject
Project("{9A19103F-16F7-4668-BE54-9A1E7A4F7556}") = "R5T.T0185", "..\..\R5T.T0185\source\R5T.T0185\R5T.T0185.csproj", "{05F822C2-3AA4-4165-91D2-08A04267774C}"
EndProject
Project("{9A19103F-16F7-4668-BE54-9A1E7A4F7556}") = "R5T.Y0000", "..\..\R5T.Y0000\source\R5T.Y0000\R5T.Y0000.csproj", "{627F7543-98D3-4F75-8615-5CF7287902E0}"
EndProject
Project("{9A19103F-16F7-4668-BE54-9A1E7A4F7556}") = "R5T.Z0000", "..\..\R5T.Z0000\source\R5T.Z0000\R5T.Z0000.csproj", "{5596937C-AC95-4EDA-858E-AFE222055C2A}"
EndProject
Project("{9A19103F-16F7-4668-BE54-9A1E7A4F7556}") = "R5T.T0150", "..\..\R5T.T0150\source\R5T.T0150\R5T.T0150.csproj", "{FA1B8CEE-29BB-45DF-9E87-736BECA53276}"
EndProject
Project("{9A19103F-16F7-4668-BE54-9A1E7A4F7556}") = "R5T.T0151", "..\..\R5T.T0151\source\R5T.T0151\R5T.T0151.csproj", "{51259C8A-3CB4-4066-9171-E036BB52C1F6}"
EndProject
Project("{9A19103F-16F7-4668-BE54-9A1E7A4F7556}") = "R5T.T0172", "..\..\R5T.T0172\source\R5T.T0172\R5T.T0172.csproj", "{E1DF1417-0399-4E4D-AD9C-B08C10F1F784}"
EndProject
Project("{9A19103F-16F7-4668-BE54-9A1E7A4F7556}") = "R5T.T0193", "..\..\R5T.T0193\source\R5T.T0193\R5T.T0193.csproj", "{80C28F1A-8759-4D54-971F-A2BB7225E5EE}"
EndProject
Global
	GlobalSection(NestedProjects) = preSolution
		{41BA6689-7653-4E16-8B05-8682285DE0FC} = {C508A868-56E8-4FA4-86EC-B1C185DD8A1B}
		{70297DAD-865D-4A3F-9AEE-37DE63B83980} = {C508A868-56E8-4FA4-86EC-B1C185DD8A1B}
		{E1CC371C-F56B-4370-97AA-2C7E6FCF4E0F} = {C508A868-56E8-4FA4-86EC-B1C185DD8A1B}
		{20EEEE34-8AC7-4360-9EFE-DB0F14CA4D00} = {C508A868-56E8-4FA4-86EC-B1C185DD8A1B}
		{D8897050-CAA5-4B16-86D7-345B78E0E4C9} = {C508A868-56E8-4FA4-86EC-B1C185DD8A1B}
		{4912ECD6-DB04-4DC6-BC3E-489267908258} = {C508A868-56E8-4FA4-86EC-B1C185DD8A1B}
		{01FB8D04-8807-4870-9653-951AF8304F5A} = {C508A868-56E8-4FA4-86EC-B1C185DD8A1B}
		{39CEE086-3E8D-43D0-BBDE-67029B410EFD} = {C508A868-56E8-4FA4-86EC-B1C185DD8A1B}
		{A51A4690-12CB-4B04-958A-7453598FA203} = {C508A868-56E8-4FA4-86EC-B1C185DD8A1B}
		{C7712E75-DF5D-4E53-8DEA-43E0B05375FB} = {C508A868-56E8-4FA4-86EC-B1C185DD8A1B}
		{6A2AA63E-DEBA-4536-B7B9-7EF92A4AFF37} = {C508A868-56E8-4FA4-86EC-B1C185DD8A1B}
		{370F99AF-7DAC-4AC0-80CF-FD8CE3195E50} = {C508A868-56E8-4FA4-86EC-B1C185DD8A1B}
		{3FD733AD-0970-4214-93FD-B6BAF735ED8B} = {C508A868-56E8-4FA4-86EC-B1C185DD8A1B}
		{1167D30E-DE04-41E2-A893-2628A0058F5E} = {C508A868-56E8-4FA4-86EC-B1C185DD8A1B}
		{DB571650-3988-4C5A-AB3A-E901628F2A64} = {C508A868-56E8-4FA4-86EC-B1C185DD8A1B}
		{ECF82C18-4080-4FA6-89C3-51D607E81F30} = {C508A868-56E8-4FA4-86EC-B1C185DD8A1B}
		{4765FCFD-7D2D-48F1-852D-57F19AD78DBA} = {C508A868-56E8-4FA4-86EC-B1C185DD8A1B}
		{EF9AD932-D582-4C96-8C9E-DC7C431EACB8} = {C508A868-56E8-4FA4-86EC-B1C185DD8A1B}
		{7E7D0550-3FB8-483F-9E7F-F8EAAF29EB5D} = {C508A868-56E8-4FA4-86EC-B1C185DD8A1B}
		{2A327501-B9B5-4444-ABD8-2E935DD2FE4F} = {C508A868-56E8-4FA4-86EC-B1C185DD8A1B}
		{2E1727E4-185D-4DE5-A8A9-30BA259E8D05} = {C508A868-56E8-4FA4-86EC-B1C185DD8A1B}
		{05F822C2-3AA4-4165-91D2-08A04267774C} = {C508A868-56E8-4FA4-86EC-B1C185DD8A1B}
		{627F7543-98D3-4F75-8615-5CF7287902E0} = {C508A868-56E8-4FA4-86EC-B1C185DD8A1B}
		{5596937C-AC95-4EDA-858E-AFE222055C2A} = {C508A868-56E8-4FA4-86EC-B1C185DD8A1B}
		{FA1B8CEE-29BB-45DF-9E87-736BECA53276} = {C508A868-56E8-4FA4-86EC-B1C185DD8A1B}
		{51259C8A-3CB4-4066-9171-E036BB52C1F6} = {C508A868-56E8-4FA4-86EC-B1C185DD8A1B}
		{E1DF1417-0399-4E4D-AD9C-B08C10F1F784} = {C508A868-56E8-4FA4-86EC-B1C185DD8A1B}
		{80C28F1A-8759-4D54-971F-A2BB7225E5EE} = {C508A868-56E8-4FA4-86EC-B1C185DD8A1B}
	EndGlobalSection
	GlobalSection(SolutionConfigurationPlatforms) = preSolution
		Debug|Any CPU = Debug|Any CPU
		Release|Any CPU = Release|Any CPU
	EndGlobalSection
	GlobalSection(ProjectConfigurationPlatforms) = postSolution
		{45D866F6-1B97-456D-8582-F677B087358A}.Debug|Any CPU.ActiveCfg = Debug|Any CPU
		{45D866F6-1B97-456D-8582-F677B087358A}.Debug|Any CPU.Build.0 = Debug|Any CPU
		{45D866F6-1B97-456D-8582-F677B087358A}.Release|Any CPU.ActiveCfg = Release|Any CPU
		{45D866F6-1B97-456D-8582-F677B087358A}.Release|Any CPU.Build.0 = Release|Any CPU
		{41BA6689-7653-4E16-8B05-8682285DE0FC}.Debug|Any CPU.ActiveCfg = Debug|Any CPU
		{41BA6689-7653-4E16-8B05-8682285DE0FC}.Debug|Any CPU.Build.0 = Debug|Any CPU
		{41BA6689-7653-4E16-8B05-8682285DE0FC}.Release|Any CPU.ActiveCfg = Release|Any CPU
		{41BA6689-7653-4E16-8B05-8682285DE0FC}.Release|Any CPU.Build.0 = Release|Any CPU
		{70297DAD-865D-4A3F-9AEE-37DE63B83980}.Debug|Any CPU.ActiveCfg = Debug|Any CPU
		{70297DAD-865D-4A3F-9AEE-37DE63B83980}.Debug|Any CPU.Build.0 = Debug|Any CPU
		{70297DAD-865D-4A3F-9AEE-37DE63B83980}.Release|Any CPU.ActiveCfg = Release|Any CPU
		{70297DAD-865D-4A3F-9AEE-37DE63B83980}.Release|Any CPU.Build.0 = Release|Any CPU
		{E1CC371C-F56B-4370-97AA-2C7E6FCF4E0F}.Debug|Any CPU.ActiveCfg = Debug|Any CPU
		{E1CC371C-F56B-4370-97AA-2C7E6FCF4E0F}.Debug|Any CPU.Build.0 = Debug|Any CPU
		{E1CC371C-F56B-4370-97AA-2C7E6FCF4E0F}.Release|Any CPU.ActiveCfg = Release|Any CPU
		{E1CC371C-F56B-4370-97AA-2C7E6FCF4E0F}.Release|Any CPU.Build.0 = Release|Any CPU
		{20EEEE34-8AC7-4360-9EFE-DB0F14CA4D00}.Debug|Any CPU.ActiveCfg = Debug|Any CPU
		{20EEEE34-8AC7-4360-9EFE-DB0F14CA4D00}.Debug|Any CPU.Build.0 = Debug|Any CPU
		{20EEEE34-8AC7-4360-9EFE-DB0F14CA4D00}.Release|Any CPU.ActiveCfg = Release|Any CPU
		{20EEEE34-8AC7-4360-9EFE-DB0F14CA4D00}.Release|Any CPU.Build.0 = Release|Any CPU
		{D8897050-CAA5-4B16-86D7-345B78E0E4C9}.Debug|Any CPU.ActiveCfg = Debug|Any CPU
		{D8897050-CAA5-4B16-86D7-345B78E0E4C9}.Debug|Any CPU.Build.0 = Debug|Any CPU
		{D8897050-CAA5-4B16-86D7-345B78E0E4C9}.Release|Any CPU.ActiveCfg = Release|Any CPU
		{D8897050-CAA5-4B16-86D7-345B78E0E4C9}.Release|Any CPU.Build.0 = Release|Any CPU
		{4912ECD6-DB04-4DC6-BC3E-489267908258}.Debug|Any CPU.ActiveCfg = Debug|Any CPU
		{4912ECD6-DB04-4DC6-BC3E-489267908258}.Debug|Any CPU.Build.0 = Debug|Any CPU
		{4912ECD6-DB04-4DC6-BC3E-489267908258}.Release|Any CPU.ActiveCfg = Release|Any CPU
		{4912ECD6-DB04-4DC6-BC3E-489267908258}.Release|Any CPU.Build.0 = Release|Any CPU
		{01FB8D04-8807-4870-9653-951AF8304F5A}.Debug|Any CPU.ActiveCfg = Debug|Any CPU
		{01FB8D04-8807-4870-9653-951AF8304F5A}.Debug|Any CPU.Build.0 = Debug|Any CPU
		{01FB8D04-8807-4870-9653-951AF8304F5A}.Release|Any CPU.ActiveCfg = Release|Any CPU
		{01FB8D04-8807-4870-9653-951AF8304F5A}.Release|Any CPU.Build.0 = Release|Any CPU
		{39CEE086-3E8D-43D0-BBDE-67029B410EFD}.Debug|Any CPU.ActiveCfg = Debug|Any CPU
		{39CEE086-3E8D-43D0-BBDE-67029B410EFD}.Debug|Any CPU.Build.0 = Debug|Any CPU
		{39CEE086-3E8D-43D0-BBDE-67029B410EFD}.Release|Any CPU.ActiveCfg = Release|Any CPU
		{39CEE086-3E8D-43D0-BBDE-67029B410EFD}.Release|Any CPU.Build.0 = Release|Any CPU
		{A51A4690-12CB-4B04-958A-7453598FA203}.Debug|Any CPU.ActiveCfg = Debug|Any CPU
		{A51A4690-12CB-4B04-958A-7453598FA203}.Debug|Any CPU.Build.0 = Debug|Any CPU
		{A51A4690-12CB-4B04-958A-7453598FA203}.Release|Any CPU.ActiveCfg = Release|Any CPU
		{A51A4690-12CB-4B04-958A-7453598FA203}.Release|Any CPU.Build.0 = Release|Any CPU
		{C7712E75-DF5D-4E53-8DEA-43E0B05375FB}.Debug|Any CPU.ActiveCfg = Debug|Any CPU
		{C7712E75-DF5D-4E53-8DEA-43E0B05375FB}.Debug|Any CPU.Build.0 = Debug|Any CPU
		{C7712E75-DF5D-4E53-8DEA-43E0B05375FB}.Release|Any CPU.ActiveCfg = Release|Any CPU
		{C7712E75-DF5D-4E53-8DEA-43E0B05375FB}.Release|Any CPU.Build.0 = Release|Any CPU
		{6A2AA63E-DEBA-4536-B7B9-7EF92A4AFF37}.Debug|Any CPU.ActiveCfg = Debug|Any CPU
		{6A2AA63E-DEBA-4536-B7B9-7EF92A4AFF37}.Debug|Any CPU.Build.0 = Debug|Any CPU
		{6A2AA63E-DEBA-4536-B7B9-7EF92A4AFF37}.Release|Any CPU.ActiveCfg = Release|Any CPU
		{6A2AA63E-DEBA-4536-B7B9-7EF92A4AFF37}.Release|Any CPU.Build.0 = Release|Any CPU
		{370F99AF-7DAC-4AC0-80CF-FD8CE3195E50}.Debug|Any CPU.ActiveCfg = Debug|Any CPU
		{370F99AF-7DAC-4AC0-80CF-FD8CE3195E50}.Debug|Any CPU.Build.0 = Debug|Any CPU
		{370F99AF-7DAC-4AC0-80CF-FD8CE3195E50}.Release|Any CPU.ActiveCfg = Release|Any CPU
		{370F99AF-7DAC-4AC0-80CF-FD8CE3195E50}.Release|Any CPU.Build.0 = Release|Any CPU
		{3FD733AD-0970-4214-93FD-B6BAF735ED8B}.Debug|Any CPU.ActiveCfg = Debug|Any CPU
		{3FD733AD-0970-4214-93FD-B6BAF735ED8B}.Debug|Any CPU.Build.0 = Debug|Any CPU
		{3FD733AD-0970-4214-93FD-B6BAF735ED8B}.Release|Any CPU.ActiveCfg = Release|Any CPU
		{3FD733AD-0970-4214-93FD-B6BAF735ED8B}.Release|Any CPU.Build.0 = Release|Any CPU
		{1167D30E-DE04-41E2-A893-2628A0058F5E}.Debug|Any CPU.ActiveCfg = Debug|Any CPU
		{1167D30E-DE04-41E2-A893-2628A0058F5E}.Debug|Any CPU.Build.0 = Debug|Any CPU
		{1167D30E-DE04-41E2-A893-2628A0058F5E}.Release|Any CPU.ActiveCfg = Release|Any CPU
		{1167D30E-DE04-41E2-A893-2628A0058F5E}.Release|Any CPU.Build.0 = Release|Any CPU
		{DB571650-3988-4C5A-AB3A-E901628F2A64}.Debug|Any CPU.ActiveCfg = Debug|Any CPU
		{DB571650-3988-4C5A-AB3A-E901628F2A64}.Debug|Any CPU.Build.0 = Debug|Any CPU
		{DB571650-3988-4C5A-AB3A-E901628F2A64}.Release|Any CPU.ActiveCfg = Release|Any CPU
		{DB571650-3988-4C5A-AB3A-E901628F2A64}.Release|Any CPU.Build.0 = Release|Any CPU
		{ECF82C18-4080-4FA6-89C3-51D607E81F30}.Debug|Any CPU.ActiveCfg = Debug|Any CPU
		{ECF82C18-4080-4FA6-89C3-51D607E81F30}.Debug|Any CPU.Build.0 = Debug|Any CPU
		{ECF82C18-4080-4FA6-89C3-51D607E81F30}.Release|Any CPU.ActiveCfg = Release|Any CPU
		{ECF82C18-4080-4FA6-89C3-51D607E81F30}.Release|Any CPU.Build.0 = Release|Any CPU
		{4765FCFD-7D2D-48F1-852D-57F19AD78DBA}.Debug|Any CPU.ActiveCfg = Debug|Any CPU
		{4765FCFD-7D2D-48F1-852D-57F19AD78DBA}.Debug|Any CPU.Build.0 = Debug|Any CPU
		{4765FCFD-7D2D-48F1-852D-57F19AD78DBA}.Release|Any CPU.ActiveCfg = Release|Any CPU
		{4765FCFD-7D2D-48F1-852D-57F19AD78DBA}.Release|Any CPU.Build.0 = Release|Any CPU
		{EF9AD932-D582-4C96-8C9E-DC7C431EACB8}.Debug|Any CPU.ActiveCfg = Debug|Any CPU
		{EF9AD932-D582-4C96-8C9E-DC7C431EACB8}.Debug|Any CPU.Build.0 = Debug|Any CPU
		{EF9AD932-D582-4C96-8C9E-DC7C431EACB8}.Release|Any CPU.ActiveCfg = Release|Any CPU
		{EF9AD932-D582-4C96-8C9E-DC7C431EACB8}.Release|Any CPU.Build.0 = Release|Any CPU
		{7E7D0550-3FB8-483F-9E7F-F8EAAF29EB5D}.Debug|Any CPU.ActiveCfg = Debug|Any CPU
		{7E7D0550-3FB8-483F-9E7F-F8EAAF29EB5D}.Debug|Any CPU.Build.0 = Debug|Any CPU
		{7E7D0550-3FB8-483F-9E7F-F8EAAF29EB5D}.Release|Any CPU.ActiveCfg = Release|Any CPU
		{7E7D0550-3FB8-483F-9E7F-F8EAAF29EB5D}.Release|Any CPU.Build.0 = Release|Any CPU
		{2A327501-B9B5-4444-ABD8-2E935DD2FE4F}.Debug|Any CPU.ActiveCfg = Debug|Any CPU
		{2A327501-B9B5-4444-ABD8-2E935DD2FE4F}.Debug|Any CPU.Build.0 = Debug|Any CPU
		{2A327501-B9B5-4444-ABD8-2E935DD2FE4F}.Release|Any CPU.ActiveCfg = Release|Any CPU
		{2A327501-B9B5-4444-ABD8-2E935DD2FE4F}.Release|Any CPU.Build.0 = Release|Any CPU
		{2E1727E4-185D-4DE5-A8A9-30BA259E8D05}.Debug|Any CPU.ActiveCfg = Debug|Any CPU
		{2E1727E4-185D-4DE5-A8A9-30BA259E8D05}.Debug|Any CPU.Build.0 = Debug|Any CPU
		{2E1727E4-185D-4DE5-A8A9-30BA259E8D05}.Release|Any CPU.ActiveCfg = Release|Any CPU
		{2E1727E4-185D-4DE5-A8A9-30BA259E8D05}.Release|Any CPU.Build.0 = Release|Any CPU
		{05F822C2-3AA4-4165-91D2-08A04267774C}.Debug|Any CPU.ActiveCfg = Debug|Any CPU
		{05F822C2-3AA4-4165-91D2-08A04267774C}.Debug|Any CPU.Build.0 = Debug|Any CPU
		{05F822C2-3AA4-4165-91D2-08A04267774C}.Release|Any CPU.ActiveCfg = Release|Any CPU
		{05F822C2-3AA4-4165-91D2-08A04267774C}.Release|Any CPU.Build.0 = Release|Any CPU
		{627F7543-98D3-4F75-8615-5CF7287902E0}.Debug|Any CPU.ActiveCfg = Debug|Any CPU
		{627F7543-98D3-4F75-8615-5CF7287902E0}.Debug|Any CPU.Build.0 = Debug|Any CPU
		{627F7543-98D3-4F75-8615-5CF7287902E0}.Release|Any CPU.ActiveCfg = Release|Any CPU
		{627F7543-98D3-4F75-8615-5CF7287902E0}.Release|Any CPU.Build.0 = Release|Any CPU
		{5596937C-AC95-4EDA-858E-AFE222055C2A}.Debug|Any CPU.ActiveCfg = Debug|Any CPU
		{5596937C-AC95-4EDA-858E-AFE222055C2A}.Debug|Any CPU.Build.0 = Debug|Any CPU
		{5596937C-AC95-4EDA-858E-AFE222055C2A}.Release|Any CPU.ActiveCfg = Release|Any CPU
		{5596937C-AC95-4EDA-858E-AFE222055C2A}.Release|Any CPU.Build.0 = Release|Any CPU
		{FA1B8CEE-29BB-45DF-9E87-736BECA53276}.Debug|Any CPU.ActiveCfg = Debug|Any CPU
		{FA1B8CEE-29BB-45DF-9E87-736BECA53276}.Debug|Any CPU.Build.0 = Debug|Any CPU
		{FA1B8CEE-29BB-45DF-9E87-736BECA53276}.Release|Any CPU.ActiveCfg = Release|Any CPU
		{FA1B8CEE-29BB-45DF-9E87-736BECA53276}.Release|Any CPU.Build.0 = Release|Any CPU
		{51259C8A-3CB4-4066-9171-E036BB52C1F6}.Debug|Any CPU.ActiveCfg = Debug|Any CPU
		{51259C8A-3CB4-4066-9171-E036BB52C1F6}.Debug|Any CPU.Build.0 = Debug|Any CPU
		{51259C8A-3CB4-4066-9171-E036BB52C1F6}.Release|Any CPU.ActiveCfg = Release|Any CPU
		{51259C8A-3CB4-4066-9171-E036BB52C1F6}.Release|Any CPU.Build.0 = Release|Any CPU
		{E1DF1417-0399-4E4D-AD9C-B08C10F1F784}.Debug|Any CPU.ActiveCfg = Debug|Any CPU
		{E1DF1417-0399-4E4D-AD9C-B08C10F1F784}.Debug|Any CPU.Build.0 = Debug|Any CPU
		{E1DF1417-0399-4E4D-AD9C-B08C10F1F784}.Release|Any CPU.ActiveCfg = Release|Any CPU
		{E1DF1417-0399-4E4D-AD9C-B08C10F1F784}.Release|Any CPU.Build.0 = Release|Any CPU
		{80C28F1A-8759-4D54-971F-A2BB7225E5EE}.Debug|Any CPU.ActiveCfg = Debug|Any CPU
		{80C28F1A-8759-4D54-971F-A2BB7225E5EE}.Debug|Any CPU.Build.0 = Debug|Any CPU
		{80C28F1A-8759-4D54-971F-A2BB7225E5EE}.Release|Any CPU.ActiveCfg = Release|Any CPU
		{80C28F1A-8759-4D54-971F-A2BB7225E5EE}.Release|Any CPU.Build.0 = Release|Any CPU
	EndGlobalSection
	GlobalSection(SolutionProperties) = preSolution
		HideSolutionNode = FALSE
	EndGlobalSection
	GlobalSection(ExtensibilityGlobals) = postSolution
		SolutionGuid = {510495DF-C658-40F0-A2F7-94181D26A104}
	EndGlobalSection
EndGlobal
